
Microsoft Visual Studio Solution File, Format Version 12.00
# Visual Studio Version 18
VisualStudioVersion = 18.5.11723.231 stable
MinimumVisualStudioVersion = 10.0.40219.1
Project("{FAE04EC0-301F-11D3-BF4B-00C04F79EFBC}") = "AppWebLeticia", "AppWebLeticia.csproj", "{A12B8F02-FA68-4B16-347D-4F8FA139152B}"
EndProject
Global
	GlobalSection(SolutionConfigurationPlatforms) = preSolution
		Debug|Any CPU = Debug|Any CPU
		Release|Any CPU = Release|Any CPU
	EndGlobalSection
	GlobalSection(ProjectConfigurationPlatforms) = postSolution
		{A12B8F02-FA68-4B16-347D-4F8FA139152B}.Debug|Any CPU.ActiveCfg = Debug|Any CPU
		{A12B8F02-FA68-4B16-347D-4F8FA139152B}.Debug|Any CPU.Build.0 = Debug|Any CPU
		{A12B8F02-FA68-4B16-347D-4F8FA139152B}.Release|Any CPU.ActiveCfg = Release|Any CPU
		{A12B8F02-FA68-4B16-347D-4F8FA139152B}.Release|Any CPU.Build.0 = Release|Any CPU
	EndGlobalSection
	GlobalSection(SolutionProperties) = preSolution
		HideSolutionNode = FALSE
	EndGlobalSection
	GlobalSection(ExtensibilityGlobals) = postSolution
		SolutionGuid = {6EBE9A2A-DEE7-444D-A85C-E20BCC713283}
	EndGlobalSection
EndGlobal
